
Microsoft Visual Studio Solution File, Format Version 12.00
# Visual Studio 15
VisualStudioVersion = 15.0.28010.2036
MinimumVisualStudioVersion = 10.0.40219.1
Project("{FAE04EC0-301F-11D3-BF4B-00C04F79EFBC}") = "1714TJohnson2f", "1714TJohnson2f\1714TJohnson2f.csproj", "{DE34D660-29F9-4EA5-A4A9-0E0792D4D6FE}"
EndProject
Project("{2150E333-8FDC-42A3-9474-1A3956D46DE8}") = "Solution Items", "Solution Items", "{4217E78E-B8FF-4999-9D92-E1C4E057D14E}"
	ProjectSection(SolutionItems) = preProject
		.gitattributes = .gitattributes
		.gitignore = .gitignore
	EndProjectSection
EndProject
Project("{FAE04EC0-301F-11D3-BF4B-00C04F79EFBC}") = "1714TJohnson2g", "1714TJohnson2g\1714TJohnson2g.csproj", "{B66ED499-7121-4238-BBF9-67C88D3003A2}"
EndProject
Global
	GlobalSection(SolutionConfigurationPlatforms) = preSolution
		Debug|Any CPU = Debug|Any CPU
		Release|Any CPU = Release|Any CPU
	EndGlobalSection
	GlobalSection(ProjectConfigurationPlatforms) = postSolution
		{DE34D660-29F9-4EA5-A4A9-0E0792D4D6FE}.Debug|Any CPU.ActiveCfg = Debug|Any CPU
		{DE34D660-29F9-4EA5-A4A9-0E0792D4D6FE}.Debug|Any CPU.Build.0 = Debug|Any CPU
		{DE34D660-29F9-4EA5-A4A9-0E0792D4D6FE}.Release|Any CPU.ActiveCfg = Release|Any CPU
		{DE34D660-29F9-4EA5-A4A9-0E0792D4D6FE}.Release|Any CPU.Build.0 = Release|Any CPU
		{B66ED499-7121-4238-BBF9-67C88D3003A2}.Debug|Any CPU.ActiveCfg = Debug|Any CPU
		{B66ED499-7121-4238-BBF9-67C88D3003A2}.Debug|Any CPU.Build.0 = Debug|Any CPU
		{B66ED499-7121-4238-BBF9-67C88D3003A2}.Release|Any CPU.ActiveCfg = Release|Any CPU
		{B66ED499-7121-4238-BBF9-67C88D3003A2}.Release|Any CPU.Build.0 = Release|Any CPU
	EndGlobalSection
	GlobalSection(SolutionProperties) = preSolution
		HideSolutionNode = FALSE
	EndGlobalSection
	GlobalSection(ExtensibilityGlobals) = postSolution
		SolutionGuid = {A5C9E5BF-DAF1-4AC8-A21D-73A16E6D82A7}
	EndGlobalSection
EndGlobal
